// !$*UTF8*$!
{
	archiveVersion = 1;
	classes = {
	};
	objectVersion = 56;
	objects = {

/* Begin PBXBuildFile section */
		BC5BF74C2B71FB1200FACCB7 /* Little_Lemon_RestaurantApp.swift in Sources */ = {isa = PBXBuildFile; fileRef = BC5BF74B2B71FB1200FACCB7 /* Little_Lemon_RestaurantApp.swift */; };
		BC5BF7502B71FB1400FACCB7 /* Assets.xcassets in Resources */ = {isa = PBXBuildFile; fileRef = BC5BF74F2B71FB1400FACCB7 /* Assets.xcassets */; };
		BC5BF7532B71FB1400FACCB7 /* Preview Assets.xcassets in Resources */ = {isa = PBXBuildFile; fileRef = BC5BF7522B71FB1400FACCB7 /* Preview Assets.xcassets */; };
		BC5BF7552B71FB1400FACCB7 /* Persistence.swift in Sources */ = {isa = PBXBuildFile; fileRef = BC5BF7542B71FB1400FACCB7 /* Persistence.swift */; };
		BC5BF7582B71FB1400FACCB7 /* ExampleDatabase.xcdatamodeld in Sources */ = {isa = PBXBuildFile; fileRef = BC5BF7562B71FB1400FACCB7 /* ExampleDatabase.xcdatamodeld */; };
		BC5BF75F2B71FDE300FACCB7 /* Onboarding.swift in Sources */ = {isa = PBXBuildFile; fileRef = BC5BF75E2B71FDE300FACCB7 /* Onboarding.swift */; };
		BC5BF7622B71FE3E00FACCB7 /* Header.swift in Sources */ = {isa = PBXBuildFile; fileRef = BC5BF7612B71FE3E00FACCB7 /* Header.swift */; };
		BC5BF7642B71FE4C00FACCB7 /* Hero.swift in Sources */ = {isa = PBXBuildFile; fileRef = BC5BF7632B71FE4C00FACCB7 /* Hero.swift */; };
		BCACE8A42B72B4E10098D1E1 /* Styles.swift in Sources */ = {isa = PBXBuildFile; fileRef = BCACE8A32B72B4E10098D1E1 /* Styles.swift */; };
		BCD88D5C2B78359C00777331 /* UserProfile.swift in Sources */ = {isa = PBXBuildFile; fileRef = BCD88D5B2B78359C00777331 /* UserProfile.swift */; };
		BCD88D5E2B7835D100777331 /* DetailItem.swift in Sources */ = {isa = PBXBuildFile; fileRef = BCD88D5D2B7835D100777331 /* DetailItem.swift */; };
		BCD88D602B7835ED00777331 /* FoodItem.swift in Sources */ = {isa = PBXBuildFile; fileRef = BCD88D5F2B7835ED00777331 /* FoodItem.swift */; };
		BCD88D622B78361900777331 /* MainScreen.swift in Sources */ = {isa = PBXBuildFile; fileRef = BCD88D612B78361900777331 /* MainScreen.swift */; };
		BCD88D642B78363200777331 /* Menu.swift in Sources */ = {isa = PBXBuildFile; fileRef = BCD88D632B78363200777331 /* Menu.swift */; };
		BCD88D662B78365400777331 /* Home.swift in Sources */ = {isa = PBXBuildFile; fileRef = BCD88D652B78365400777331 /* Home.swift */; };
		BCD88D682B7837E100777331 /* ViewModel.swift in Sources */ = {isa = PBXBuildFile; fileRef = BCD88D672B7837E100777331 /* ViewModel.swift */; };
		BCD88D6B2B783D4700777331 /* MenuList.swift in Sources */ = {isa = PBXBuildFile; fileRef = BCD88D6A2B783D4700777331 /* MenuList.swift */; };
		BCD88D6E2B783D8F00777331 /* MenuItem.swift in Sources */ = {isa = PBXBuildFile; fileRef = BCD88D6D2B783D8F00777331 /* MenuItem.swift */; };
		BCD88D712B7854F700777331 /* FetchedObjects.swift in Sources */ = {isa = PBXBuildFile; fileRef = BCD88D702B7854F700777331 /* FetchedObjects.swift */; };
/* End PBXBuildFile section */

/* Begin PBXFileReference section */
		BC5BF7482B71FB1200FACCB7 /* Little Lemon Restaurant.app */ = {isa = PBXFileReference; explicitFileType = wrapper.application; includeInIndex = 0; path = "Little Lemon Restaurant.app"; sourceTree = BUILT_PRODUCTS_DIR; };
		BC5BF74B2B71FB1200FACCB7 /* Little_Lemon_RestaurantApp.swift */ = {isa = PBXFileReference; lastKnownFileType = sourcecode.swift; path = Little_Lemon_RestaurantApp.swift; sourceTree = "<group>"; };
		BC5BF74F2B71FB1400FACCB7 /* Assets.xcassets */ = {isa = PBXFileReference; lastKnownFileType = folder.assetcatalog; path = Assets.xcassets; sourceTree = "<group>"; };
		BC5BF7522B71FB1400FACCB7 /* Preview Assets.xcassets */ = {isa = PBXFileReference; lastKnownFileType = folder.assetcatalog; path = "Preview Assets.xcassets"; sourceTree = "<group>"; };
		BC5BF7542B71FB1400FACCB7 /* Persistence.swift */ = {isa = PBXFileReference; lastKnownFileType = sourcecode.swift; path = Persistence.swift; sourceTree = "<group>"; };
		BC5BF7572B71FB1400FACCB7 /* Little_Lemon_Restaurant.xcdatamodel */ = {isa = PBXFileReference; lastKnownFileType = wrapper.xcdatamodel; path = Little_Lemon_Restaurant.xcdatamodel; sourceTree = "<group>"; };
		BC5BF75E2B71FDE300FACCB7 /* Onboarding.swift */ = {isa = PBXFileReference; lastKnownFileType = sourcecode.swift; path = Onboarding.swift; sourceTree = "<group>"; };
		BC5BF7612B71FE3E00FACCB7 /* Header.swift */ = {isa = PBXFileReference; lastKnownFileType = sourcecode.swift; path = Header.swift; sourceTree = "<group>"; };
		BC5BF7632B71FE4C00FACCB7 /* Hero.swift */ = {isa = PBXFileReference; lastKnownFileType = sourcecode.swift; path = Hero.swift; sourceTree = "<group>"; };
		BCACE8A32B72B4E10098D1E1 /* Styles.swift */ = {isa = PBXFileReference; lastKnownFileType = sourcecode.swift; path = Styles.swift; sourceTree = "<group>"; };
		BCD88D5B2B78359C00777331 /* UserProfile.swift */ = {isa = PBXFileReference; lastKnownFileType = sourcecode.swift; path = UserProfile.swift; sourceTree = "<group>"; };
		BCD88D5D2B7835D100777331 /* DetailItem.swift */ = {isa = PBXFileReference; lastKnownFileType = sourcecode.swift; path = DetailItem.swift; sourceTree = "<group>"; };
		BCD88D5F2B7835ED00777331 /* FoodItem.swift */ = {isa = PBXFileReference; lastKnownFileType = sourcecode.swift; path = FoodItem.swift; sourceTree = "<group>"; };
		BCD88D612B78361900777331 /* MainScreen.swift */ = {isa = PBXFileReference; lastKnownFileType = sourcecode.swift; path = MainScreen.swift; sourceTree = "<group>"; };
		BCD88D632B78363200777331 /* Menu.swift */ = {isa = PBXFileReference; lastKnownFileType = sourcecode.swift; path = Menu.swift; sourceTree = "<group>"; };
		BCD88D652B78365400777331 /* Home.swift */ = {isa = PBXFileReference; lastKnownFileType = sourcecode.swift; path = Home.swift; sourceTree = "<group>"; };
		BCD88D672B7837E100777331 /* ViewModel.swift */ = {isa = PBXFileReference; lastKnownFileType = sourcecode.swift; name = ViewModel.swift; path = "Little Lemon Restaurant/ViewModel/ViewModel.swift"; sourceTree = SOURCE_ROOT; };
		BCD88D6A2B783D4700777331 /* MenuList.swift */ = {isa = PBXFileReference; lastKnownFileType = sourcecode.swift; name = MenuList.swift; path = "Little Lemon Restaurant/Models/MenuList.swift"; sourceTree = SOURCE_ROOT; };
		BCD88D6D2B783D8F00777331 /* MenuItem.swift */ = {isa = PBXFileReference; lastKnownFileType = sourcecode.swift; path = MenuItem.swift; sourceTree = "<group>"; };
		BCD88D702B7854F700777331 /* FetchedObjects.swift */ = {isa = PBXFileReference; lastKnownFileType = sourcecode.swift; path = FetchedObjects.swift; sourceTree = "<group>"; };
/* End PBXFileReference section */

/* Begin PBXFrameworksBuildPhase section */
		BC5BF7452B71FB1200FACCB7 /* Frameworks */ = {
			isa = PBXFrameworksBuildPhase;
			buildActionMask = 2147483647;
			files = (
			);
			runOnlyForDeploymentPostprocessing = 0;
		};
/* End PBXFrameworksBuildPhase section */

/* Begin PBXGroup section */
		BC5BF73F2B71FB1200FACCB7 = {
			isa = PBXGroup;
			children = (
				BC5BF74A2B71FB1200FACCB7 /* Little Lemon Restaurant */,
				BC5BF7492B71FB1200FACCB7 /* Products */,
			);
			sourceTree = "<group>";
		};
		BC5BF7492B71FB1200FACCB7 /* Products */ = {
			isa = PBXGroup;
			children = (
				BC5BF7482B71FB1200FACCB7 /* Little Lemon Restaurant.app */,
			);
			name = Products;
			sourceTree = "<group>";
		};
		BC5BF74A2B71FB1200FACCB7 /* Little Lemon Restaurant */ = {
			isa = PBXGroup;
			children = (
				BCACE8A32B72B4E10098D1E1 /* Styles.swift */,
				BCD88D6F2B78476100777331 /* CoreData */,
				BCD88D6C2B783D5100777331 /* Models */,
				BCD88D692B783BCC00777331 /* ViewModel */,
				BC5BF7602B71FE0000FACCB7 /* Views */,
				BC5BF74B2B71FB1200FACCB7 /* Little_Lemon_RestaurantApp.swift */,
				BC5BF74F2B71FB1400FACCB7 /* Assets.xcassets */,
				BC5BF7512B71FB1400FACCB7 /* Preview Content */,
			);
			path = "Little Lemon Restaurant";
			sourceTree = "<group>";
		};
		BC5BF7512B71FB1400FACCB7 /* Preview Content */ = {
			isa = PBXGroup;
			children = (
				BC5BF7522B71FB1400FACCB7 /* Preview Assets.xcassets */,
			);
			path = "Preview Content";
			sourceTree = "<group>";
		};
		BC5BF7602B71FE0000FACCB7 /* Views */ = {
			isa = PBXGroup;
			children = (
				BC5BF75E2B71FDE300FACCB7 /* Onboarding.swift */,
				BC5BF7612B71FE3E00FACCB7 /* Header.swift */,
				BCD88D5B2B78359C00777331 /* UserProfile.swift */,
				BCD88D5D2B7835D100777331 /* DetailItem.swift */,
				BCD88D5F2B7835ED00777331 /* FoodItem.swift */,
				BCD88D612B78361900777331 /* MainScreen.swift */,
				BCD88D632B78363200777331 /* Menu.swift */,
				BCD88D652B78365400777331 /* Home.swift */,
				BC5BF7632B71FE4C00FACCB7 /* Hero.swift */,
			);
			path = Views;
			sourceTree = "<group>";
		};
		BCD88D692B783BCC00777331 /* ViewModel */ = {
			isa = PBXGroup;
			children = (
				BCD88D672B7837E100777331 /* ViewModel.swift */,
			);
			path = ViewModel;
			sourceTree = "<group>";
		};
		BCD88D6C2B783D5100777331 /* Models */ = {
			isa = PBXGroup;
			children = (
				BCD88D6A2B783D4700777331 /* MenuList.swift */,
				BCD88D6D2B783D8F00777331 /* MenuItem.swift */,
			);
			path = Models;
			sourceTree = "<group>";
		};
		BCD88D6F2B78476100777331 /* CoreData */ = {
			isa = PBXGroup;
			children = (
				BC5BF7542B71FB1400FACCB7 /* Persistence.swift */,
				BCD88D702B7854F700777331 /* FetchedObjects.swift */,
				BC5BF7562B71FB1400FACCB7 /* ExampleDatabase.xcdatamodeld */,
			);
			name = CoreData;
			sourceTree = "<group>";
		};
/* End PBXGroup section */

/* Begin PBXNativeTarget section */
		BC5BF7472B71FB1200FACCB7 /* Little Lemon Restaurant */ = {
			isa = PBXNativeTarget;
			buildConfigurationList = BC5BF75B2B71FB1400FACCB7 /* Build configuration list for PBXNativeTarget "Little Lemon Restaurant" */;
			buildPhases = (
				BC5BF7442B71FB1200FACCB7 /* Sources */,
				BC5BF7452B71FB1200FACCB7 /* Frameworks */,
				BC5BF7462B71FB1200FACCB7 /* Resources */,
			);
			buildRules = (
			);
			dependencies = (
			);
			name = "Little Lemon Restaurant";
			productName = "Little Lemon Restaurant";
			productReference = BC5BF7482B71FB1200FACCB7 /* Little Lemon Restaurant.app */;
			productType = "com.apple.product-type.application";
		};
/* End PBXNativeTarget section */

/* Begin PBXProject section */
		BC5BF7402B71FB1200FACCB7 /* Project object */ = {
			isa = PBXProject;
			attributes = {
				BuildIndependentTargetsInParallel = 1;
				LastSwiftUpdateCheck = 1520;
				LastUpgradeCheck = 1520;
				TargetAttributes = {
					BC5BF7472B71FB1200FACCB7 = {
						CreatedOnToolsVersion = 15.2;
					};
				};
			};
			buildConfigurationList = BC5BF7432B71FB1200FACCB7 /* Build configuration list for PBXProject "Little Lemon Restaurant" */;
			compatibilityVersion = "Xcode 14.0";
			developmentRegion = en;
			hasScannedForEncodings = 0;
			knownRegions = (
				en,
				Base,
			);
			mainGroup = BC5BF73F2B71FB1200FACCB7;
			productRefGroup = BC5BF7492B71FB1200FACCB7 /* Products */;
			projectDirPath = "";
			projectRoot = "";
			targets = (
				BC5BF7472B71FB1200FACCB7 /* Little Lemon Restaurant */,
			);
		};
/* End PBXProject section */

/* Begin PBXResourcesBuildPhase section */
		BC5BF7462B71FB1200FACCB7 /* Resources */ = {
			isa = PBXResourcesBuildPhase;
			buildActionMask = 2147483647;
			files = (
				BC5BF7532B71FB1400FACCB7 /* Preview Assets.xcassets in Resources */,
				BC5BF7502B71FB1400FACCB7 /* Assets.xcassets in Resources */,
			);
			runOnlyForDeploymentPostprocessing = 0;
		};
/* End PBXResourcesBuildPhase section */

/* Begin PBXSourcesBuildPhase section */
		BC5BF7442B71FB1200FACCB7 /* Sources */ = {
			isa = PBXSourcesBuildPhase;
			buildActionMask = 2147483647;
			files = (
				BCD88D6E2B783D8F00777331 /* MenuItem.swift in Sources */,
				BCD88D622B78361900777331 /* MainScreen.swift in Sources */,
				BC5BF7582B71FB1400FACCB7 /* ExampleDatabase.xcdatamodeld in Sources */,
				BC5BF7552B71FB1400FACCB7 /* Persistence.swift in Sources */,
				BC5BF75F2B71FDE300FACCB7 /* Onboarding.swift in Sources */,
				BCACE8A42B72B4E10098D1E1 /* Styles.swift in Sources */,
				BCD88D662B78365400777331 /* Home.swift in Sources */,
				BC5BF7642B71FE4C00FACCB7 /* Hero.swift in Sources */,
				BC5BF7622B71FE3E00FACCB7 /* Header.swift in Sources */,
				BCD88D5E2B7835D100777331 /* DetailItem.swift in Sources */,
				BCD88D6B2B783D4700777331 /* MenuList.swift in Sources */,
				BCD88D682B7837E100777331 /* ViewModel.swift in Sources */,
				BCD88D712B7854F700777331 /* FetchedObjects.swift in Sources */,
				BCD88D642B78363200777331 /* Menu.swift in Sources */,
				BC5BF74C2B71FB1200FACCB7 /* Little_Lemon_RestaurantApp.swift in Sources */,
				BCD88D5C2B78359C00777331 /* UserProfile.swift in Sources */,
				BCD88D602B7835ED00777331 /* FoodItem.swift in Sources */,
			);
			runOnlyForDeploymentPostprocessing = 0;
		};
/* End PBXSourcesBuildPhase section */

/* Begin XCBuildConfiguration section */
		BC5BF7592B71FB1400FACCB7 /* Debug */ = {
			isa = XCBuildConfiguration;
			buildSettings = {
				ALWAYS_SEARCH_USER_PATHS = NO;
				ASSETCATALOG_COMPILER_GENERATE_SWIFT_ASSET_SYMBOL_EXTENSIONS = YES;
				CLANG_ANALYZER_NONNULL = YES;
				CLANG_ANALYZER_NUMBER_OBJECT_CONVERSION = YES_AGGRESSIVE;
				CLANG_CXX_LANGUAGE_STANDARD = "gnu++20";
				CLANG_ENABLE_MODULES = YES;
				CLANG_ENABLE_OBJC_ARC = YES;
				CLANG_ENABLE_OBJC_WEAK = YES;
				CLANG_WARN_BLOCK_CAPTURE_AUTORELEASING = YES;
				CLANG_WARN_BOOL_CONVERSION = YES;
				CLANG_WARN_COMMA = YES;
				CLANG_WARN_CONSTANT_CONVERSION = YES;
				CLANG_WARN_DEPRECATED_OBJC_IMPLEMENTATIONS = YES;
				CLANG_WARN_DIRECT_OBJC_ISA_USAGE = YES_ERROR;
				CLANG_WARN_DOCUMENTATION_COMMENTS = YES;
				CLANG_WARN_EMPTY_BODY = YES;
				CLANG_WARN_ENUM_CONVERSION = YES;
				CLANG_WARN_INFINITE_RECURSION = YES;
				CLANG_WARN_INT_CONVERSION = YES;
				CLANG_WARN_NON_LITERAL_NULL_CONVERSION = YES;
				CLANG_WARN_OBJC_IMPLICIT_RETAIN_SELF = YES;
				CLANG_WARN_OBJC_LITERAL_CONVERSION = YES;
				CLANG_WARN_OBJC_ROOT_CLASS = YES_ERROR;
				CLANG_WARN_QUOTED_INCLUDE_IN_FRAMEWORK_HEADER = YES;
				CLANG_WARN_RANGE_LOOP_ANALYSIS = YES;
				CLANG_WARN_STRICT_PROTOTYPES = YES;
				CLANG_WARN_SUSPICIOUS_MOVE = YES;
				CLANG_WARN_UNGUARDED_AVAILABILITY = YES_AGGRESSIVE;
				CLANG_WARN_UNREACHABLE_CODE = YES;
				CLANG_WARN__DUPLICATE_METHOD_MATCH = YES;
				COPY_PHASE_STRIP = NO;
				DEBUG_INFORMATION_FORMAT = dwarf;
				ENABLE_STRICT_OBJC_MSGSEND = YES;
				ENABLE_TESTABILITY = YES;
				ENABLE_USER_SCRIPT_SANDBOXING = YES;
				GCC_C_LANGUAGE_STANDARD = gnu17;
				GCC_DYNAMIC_NO_PIC = NO;
				GCC_NO_COMMON_BLOCKS = YES;
				GCC_OPTIMIZATION_LEVEL = 0;
				GCC_PREPROCESSOR_DEFINITIONS = (
					"DEBUG=1",
					"$(inherited)",
				);
				GCC_WARN_64_TO_32_BIT_CONVERSION = YES;
				GCC_WARN_ABOUT_RETURN_TYPE = YES_ERROR;
				GCC_WARN_UNDECLARED_SELECTOR = YES;
				GCC_WARN_UNINITIALIZED_AUTOS = YES_AGGRESSIVE;
				GCC_WARN_UNUSED_FUNCTION = YES;
				GCC_WARN_UNUSED_VARIABLE = YES;
				IPHONEOS_DEPLOYMENT_TARGET = 17.2;
				LOCALIZATION_PREFERS_STRING_CATALOGS = YES;
				MTL_ENABLE_DEBUG_INFO = INCLUDE_SOURCE;
				MTL_FAST_MATH = YES;
				ONLY_ACTIVE_ARCH = YES;
				SDKROOT = iphoneos;
				SWIFT_ACTIVE_COMPILATION_CONDITIONS = "DEBUG $(inherited)";
				SWIFT_OPTIMIZATION_LEVEL = "-Onone";
			};
			name = Debug;
		};
		BC5BF75A2B71FB1400FACCB7 /* Release */ = {
			isa = XCBuildConfiguration;
			buildSettings = {
				ALWAYS_SEARCH_USER_PATHS = NO;
				ASSETCATALOG_COMPILER_GENERATE_SWIFT_ASSET_SYMBOL_EXTENSIONS = YES;
				CLANG_ANALYZER_NONNULL = YES;
				CLANG_ANALYZER_NUMBER_OBJECT_CONVERSION = YES_AGGRESSIVE;
				CLANG_CXX_LANGUAGE_STANDARD = "gnu++20";
				CLANG_ENABLE_MODULES = YES;
				CLANG_ENABLE_OBJC_ARC = YES;
				CLANG_ENABLE_OBJC_WEAK = YES;
				CLANG_WARN_BLOCK_CAPTURE_AUTORELEASING = YES;
				CLANG_WARN_BOOL_CONVERSION = YES;
				CLANG_WARN_COMMA = YES;
				CLANG_WARN_CONSTANT_CONVERSION = YES;
				CLANG_WARN_DEPRECATED_OBJC_IMPLEMENTATIONS = YES;
				CLANG_WARN_DIRECT_OBJC_ISA_USAGE = YES_ERROR;
				CLANG_WARN_DOCUMENTATION_COMMENTS = YES;
				CLANG_WARN_EMPTY_BODY = YES;
				CLANG_WARN_ENUM_CONVERSION = YES;
				CLANG_WARN_INFINITE_RECURSION = YES;
				CLANG_WARN_INT_CONVERSION = YES;
				CLANG_WARN_NON_LITERAL_NULL_CONVERSION = YES;
				CLANG_WARN_OBJC_IMPLICIT_RETAIN_SELF = YES;
				CLANG_WARN_OBJC_LITERAL_CONVERSION = YES;
				CLANG_WARN_OBJC_ROOT_CLASS = YES_ERROR;
				CLANG_WARN_QUOTED_INCLUDE_IN_FRAMEWORK_HEADER = YES;
				CLANG_WARN_RANGE_LOOP_ANALYSIS = YES;
				CLANG_WARN_STRICT_PROTOTYPES = YES;
				CLANG_WARN_SUSPICIOUS_MOVE = YES;
				CLANG_WARN_UNGUARDED_AVAILABILITY = YES_AGGRESSIVE;
				CLANG_WARN_UNREACHABLE_CODE = YES;
				CLANG_WARN__DUPLICATE_METHOD_MATCH = YES;
				COPY_PHASE_STRIP = NO;
				DEBUG_INFORMATION_FORMAT = "dwarf-with-dsym";
				ENABLE_NS_ASSERTIONS = NO;
				ENABLE_STRICT_OBJC_MSGSEND = YES;
				ENABLE_USER_SCRIPT_SANDBOXING = YES;
				GCC_C_LANGUAGE_STANDARD = gnu17;
				GCC_NO_COMMON_BLOCKS = YES;
				GCC_WARN_64_TO_32_BIT_CONVERSION = YES;
				GCC_WARN_ABOUT_RETURN_TYPE = YES_ERROR;
				GCC_WARN_UNDECLARED_SELECTOR = YES;
				GCC_WARN_UNINITIALIZED_AUTOS = YES_AGGRESSIVE;
				GCC_WARN_UNUSED_FUNCTION = YES;
				GCC_WARN_UNUSED_VARIABLE = YES;
				IPHONEOS_DEPLOYMENT_TARGET = 17.2;
				LOCALIZATION_PREFERS_STRING_CATALOGS = YES;
				MTL_ENABLE_DEBUG_INFO = NO;
				MTL_FAST_MATH = YES;
				SDKROOT = iphoneos;
				SWIFT_COMPILATION_MODE = wholemodule;
				VALIDATE_PRODUCT = YES;
			};
			name = Release;
		};
		BC5BF75C2B71FB1400FACCB7 /* Debug */ = {
			isa = XCBuildConfiguration;
			buildSettings = {
				ASSETCATALOG_COMPILER_APPICON_NAME = AppIcon;
				ASSETCATALOG_COMPILER_GLOBAL_ACCENT_COLOR_NAME = AccentColor;
				ASSETCATALOG_COMPILER_INCLUDE_ALL_APPICON_ASSETS = YES;
				CODE_SIGN_STYLE = Automatic;
				CURRENT_PROJECT_VERSION = 1;
				DEVELOPMENT_ASSET_PATHS = "\"Little Lemon Restaurant/Preview Content\"";
				DEVELOPMENT_TEAM = VHYDM4DE58;
				ENABLE_PREVIEWS = YES;
				GENERATE_INFOPLIST_FILE = YES;
				INFOPLIST_KEY_CFBundleDisplayName = "Little Lemon";
				INFOPLIST_KEY_LSApplicationCategoryType = "public.app-category.food-and-drink";
				INFOPLIST_KEY_UIApplicationSceneManifest_Generation = YES;
				INFOPLIST_KEY_UIApplicationSupportsIndirectInputEvents = YES;
				INFOPLIST_KEY_UILaunchScreen_Generation = YES;
				INFOPLIST_KEY_UISupportedInterfaceOrientations_iPad = "UIInterfaceOrientationPortrait UIInterfaceOrientationPortraitUpsideDown UIInterfaceOrientationLandscapeLeft UIInterfaceOrientationLandscapeRight";
				INFOPLIST_KEY_UISupportedInterfaceOrientations_iPhone = "UIInterfaceOrientationPortrait UIInterfaceOrientationLandscapeLeft UIInterfaceOrientationLandscapeRight";
				LD_RUNPATH_SEARCH_PATHS = (
					"$(inherited)",
					"@executable_path/Frameworks",
				);
				MARKETING_VERSION = 1.0;
				PRODUCT_BUNDLE_IDENTIFIER = "conan.Little-Lemon-Restaurant";
				PRODUCT_NAME = "$(TARGET_NAME)";
				SWIFT_EMIT_LOC_STRINGS = YES;
				SWIFT_VERSION = 5.0;
				TARGETED_DEVICE_FAMILY = "1,2";
			};
			name = Debug;
		};
		BC5BF75D2B71FB1400FACCB7 /* Release */ = {
			isa = XCBuildConfiguration;
			buildSettings = {
				ASSETCATALOG_COMPILER_APPICON_NAME = AppIcon;
				ASSETCATALOG_COMPILER_GLOBAL_ACCENT_COLOR_NAME = AccentColor;
				ASSETCATALOG_COMPILER_INCLUDE_ALL_APPICON_ASSETS = YES;
				CODE_SIGN_STYLE = Automatic;
				CURRENT_PROJECT_VERSION = 1;
				DEVELOPMENT_ASSET_PATHS = "\"Little Lemon Restaurant/Preview Content\"";
				DEVELOPMENT_TEAM = VHYDM4DE58;
				ENABLE_PREVIEWS = YES;
				GENERATE_INFOPLIST_FILE = YES;
				INFOPLIST_KEY_CFBundleDisplayName = "Little Lemon";
				INFOPLIST_KEY_LSApplicationCategoryType = "public.app-category.food-and-drink";
				INFOPLIST_KEY_UIApplicationSceneManifest_Generation = YES;
				INFOPLIST_KEY_UIApplicationSupportsIndirectInputEvents = YES;
				INFOPLIST_KEY_UILaunchScreen_Generation = YES;
				INFOPLIST_KEY_UISupportedInterfaceOrientations_iPad = "UIInterfaceOrientationPortrait UIInterfaceOrientationPortraitUpsideDown UIInterfaceOrientationLandscapeLeft UIInterfaceOrientationLandscapeRight";
				INFOPLIST_KEY_UISupportedInterfaceOrientations_iPhone = "UIInterfaceOrientationPortrait UIInterfaceOrientationLandscapeLeft UIInterfaceOrientationLandscapeRight";
				LD_RUNPATH_SEARCH_PATHS = (
					"$(inherited)",
					"@executable_path/Frameworks",
				);
				MARKETING_VERSION = 1.0;
				PRODUCT_BUNDLE_IDENTIFIER = "conan.Little-Lemon-Restaurant";
				PRODUCT_NAME = "$(TARGET_NAME)";
				SWIFT_EMIT_LOC_STRINGS = YES;
				SWIFT_VERSION = 5.0;
				TARGETED_DEVICE_FAMILY = "1,2";
			};
			name = Release;
		};
/* End XCBuildConfiguration section */

/* Begin XCConfigurationList section */
		BC5BF7432B71FB1200FACCB7 /* Build configuration list for PBXProject "Little Lemon Restaurant" */ = {
			isa = XCConfigurationList;
			buildConfigurations = (
				BC5BF7592B71FB1400FACCB7 /* Debug */,
				BC5BF75A2B71FB1400FACCB7 /* Release */,
			);
			defaultConfigurationIsVisible = 0;
			defaultConfigurationName = Release;
		};
		BC5BF75B2B71FB1400FACCB7 /* Build configuration list for PBXNativeTarget "Little Lemon Restaurant" */ = {
			isa = XCConfigurationList;
			buildConfigurations = (
				BC5BF75C2B71FB1400FACCB7 /* Debug */,
				BC5BF75D2B71FB1400FACCB7 /* Release */,
			);
			defaultConfigurationIsVisible = 0;
			defaultConfigurationName = Release;
		};
/* End XCConfigurationList section */

/* Begin XCVersionGroup section */
		BC5BF7562B71FB1400FACCB7 /* ExampleDatabase.xcdatamodeld */ = {
			isa = XCVersionGroup;
			children = (
				BC5BF7572B71FB1400FACCB7 /* Little_Lemon_Restaurant.xcdatamodel */,
			);
			currentVersion = BC5BF7572B71FB1400FACCB7 /* Little_Lemon_Restaurant.xcdatamodel */;
			path = ExampleDatabase.xcdatamodeld;
			sourceTree = "<group>";
			versionGroupType = wrapper.xcdatamodel;
		};
/* End XCVersionGroup section */
	};
	rootObject = BC5BF7402B71FB1200FACCB7 /* Project object */;
}
